
Microsoft Visual Studio Solution File, Format Version 12.00
# Visual Studio Version 16
VisualStudioVersion = 16.0.29806.167
MinimumVisualStudioVersion = 10.0.40219.1
Project("{9A19103F-16F7-4668-BE54-9A1E7A4F7556}") = "Nordril.Functional", "Nordril.Functional\Nordril.Functional.csproj", "{D843ABE7-27D9-4D6F-B1A3-A0FA53BBFBA1}"
EndProject
Project("{9A19103F-16F7-4668-BE54-9A1E7A4F7556}") = "Nordril.Functional.Tests", "Nordril.Functional.Tests\Nordril.Functional.Tests.csproj", "{9F78DB34-FBA8-496B-A987-F168A9001B60}"
EndProject
Global
	GlobalSection(SolutionConfigurationPlatforms) = preSolution
		Debug|Any CPU = Debug|Any CPU
		Release|Any CPU = Release|Any CPU
	EndGlobalSection
	GlobalSection(ProjectConfigurationPlatforms) = postSolution
		{D843ABE7-27D9-4D6F-B1A3-A0FA53BBFBA1}.Debug|Any CPU.ActiveCfg = Debug|Any CPU
		{D843ABE7-27D9-4D6F-B1A3-A0FA53BBFBA1}.Debug|Any CPU.Build.0 = Debug|Any CPU
		{D843ABE7-27D9-4D6F-B1A3-A0FA53BBFBA1}.Release|Any CPU.ActiveCfg = Release|Any CPU
		{D843ABE7-27D9-4D6F-B1A3-A0FA53BBFBA1}.Release|Any CPU.Build.0 = Release|Any CPU
		{9F78DB34-FBA8-496B-A987-F168A9001B60}.Debug|Any CPU.ActiveCfg = Debug|Any CPU
		{9F78DB34-FBA8-496B-A987-F168A9001B60}.Debug|Any CPU.Build.0 = Debug|Any CPU
		{9F78DB34-FBA8-496B-A987-F168A9001B60}.Release|Any CPU.ActiveCfg = Release|Any CPU
		{9F78DB34-FBA8-496B-A987-F168A9001B60}.Release|Any CPU.Build.0 = Release|Any CPU
	EndGlobalSection
	GlobalSection(SolutionProperties) = preSolution
		HideSolutionNode = FALSE
	EndGlobalSection
	GlobalSection(ExtensibilityGlobals) = postSolution
		SolutionGuid = {5DB53405-7A54-4CA2-954F-7287D4B29F12}
	EndGlobalSection
EndGlobal
